
Microsoft Visual Studio Solution File, Format Version 12.00
# Visual Studio 14
VisualStudioVersion = 14.0.25420.1
MinimumVisualStudioVersion = 10.0.40219.1
Project("{FAE04EC0-301F-11D3-BF4B-00C04F79EFBC}") = "Tanki", "Tanki\Tanki.csproj", "{800FA322-B562-4EAE-BE35-C5FFB70C7759}"
EndProject
Project("{FAE04EC0-301F-11D3-BF4B-00C04F79EFBC}") = "Dat7Tanks", "Dat7Tanks\Dat7Tanks.csproj", "{73F07525-EBC3-45BD-9AEB-EA846866F8AF}"
EndProject
Global
	GlobalSection(SolutionConfigurationPlatforms) = preSolution
		Debug|Any CPU = Debug|Any CPU
		Release|Any CPU = Release|Any CPU
	EndGlobalSection
	GlobalSection(ProjectConfigurationPlatforms) = postSolution
		{800FA322-B562-4EAE-BE35-C5FFB70C7759}.Debug|Any CPU.ActiveCfg = Debug|Any CPU
		{800FA322-B562-4EAE-BE35-C5FFB70C7759}.Debug|Any CPU.Build.0 = Debug|Any CPU
		{800FA322-B562-4EAE-BE35-C5FFB70C7759}.Release|Any CPU.ActiveCfg = Release|Any CPU
		{800FA322-B562-4EAE-BE35-C5FFB70C7759}.Release|Any CPU.Build.0 = Release|Any CPU
		{73F07525-EBC3-45BD-9AEB-EA846866F8AF}.Debug|Any CPU.ActiveCfg = Debug|Any CPU
		{73F07525-EBC3-45BD-9AEB-EA846866F8AF}.Debug|Any CPU.Build.0 = Debug|Any CPU
		{73F07525-EBC3-45BD-9AEB-EA846866F8AF}.Release|Any CPU.ActiveCfg = Release|Any CPU
		{73F07525-EBC3-45BD-9AEB-EA846866F8AF}.Release|Any CPU.Build.0 = Release|Any CPU
	EndGlobalSection
	GlobalSection(SolutionProperties) = preSolution
		HideSolutionNode = FALSE
	EndGlobalSection
EndGlobal
